{
  "version": 4,
  "terraform_version": "1.5.7",
  "serial": 6,
  "lineage": "a45cd6d7-78d8-add2-5dc8-521f60bda5d6",
  "outputs": {
    "subdomain_records": {
      "value": {
        "analytics": {
          "content": "192.168.1.103",
          "name": "analytics",
          "proxied": true,
          "type": "A"
        },
        "api": {
          "content": "192.168.1.101",
          "name": "api",
          "proxied": true,
          "type": "A"
        },
        "auditoria": {
          "content": "192.168.1.100",
          "name": "auditoria",
          "proxied": true,
          "type": "A"
        },
        "tools": {
          "content": "192.168.1.102",
          "name": "tools",
          "proxied": true,
          "type": "A"
        }
      },
      "type": [
        "object",
        {
          "analytics": [
            "object",
            {
              "content": "string",
              "name": "string",
              "proxied": "bool",
              "type": "string"
            }
          ],
          "api": [
            "object",
            {
              "content": "string",
              "name": "string",
              "proxied": "bool",
              "type": "string"
            }
          ],
          "auditoria": [
            "object",
            {
              "content": "string",
              "name": "string",
              "proxied": "bool",
              "type": "string"
            }
          ],
          "tools": [
            "object",
            {
              "content": "string",
              "name": "string",
              "proxied": "bool",
              "type": "string"
            }
          ]
        }
      ]
    },
    "zone_id": {
      "value": "6d7328e7f3edb975ef1f52cdb29178b7",
      "type": "string"
    }
  },
  "resources": [
    {
      "mode": "data",
      "type": "cloudflare_zone",
      "name": "main",
      "provider": "provider[\"registry.terraform.io/cloudflare/cloudflare\"]",
      "instances": [
        {
          "schema_version": 0,
          "attributes": {
            "account_id": "805bb4fea4f198df0f788aaaad22a1be",
            "id": "6d7328e7f3edb975ef1f52cdb29178b7",
            "name": "fascinantedigital.com",
            "name_servers": [
              "beth.ns.cloudflare.com",
              "dilbert.ns.cloudflare.com"
            ],
            "paused": false,
            "plan": "Free Website",
            "status": "active",
            "vanity_name_servers": [],
            "zone_id": "6d7328e7f3edb975ef1f52cdb29178b7"
          },
          "sensitive_attributes": []
        }
      ]
    },
    {
      "mode": "managed",
      "type": "cloudflare_page_rule",
      "name": "auditoria_cache",
      "provider": "provider[\"registry.terraform.io/cloudflare/cloudflare\"]",
      "instances": [
        {
          "schema_version": 0,
          "attributes": {
            "actions": [
              {
                "always_use_https": false,
                "automatic_https_rewrites": "",
                "browser_cache_ttl": "3600",
                "browser_check": "",
                "bypass_cache_on_cookie": "",
                "cache_by_device_type": "",
                "cache_deception_armor": "",
                "cache_key_fields": [],
                "cache_level": "aggressive",
                "cache_on_cookie": "",
                "cache_ttl_by_status": [],
                "disable_apps": false,
                "disable_performance": false,
                "disable_railgun": false,
                "disable_security": false,
                "disable_zaraz": false,
                "edge_cache_ttl": 86400,
                "email_obfuscation": "",
                "explicit_cache_control": "",
                "forwarding_url": [],
                "host_header_override": "",
                "ip_geolocation": "",
                "minify": [],
                "mirage": "",
                "opportunistic_encryption": "",
                "origin_error_page_pass_thru": "",
                "polish": "",
                "resolve_override": "",
                "respect_strong_etag": "",
                "response_buffering": "",
                "rocket_loader": "",
                "security_level": "",
                "server_side_exclude": "",
                "sort_query_string_for_cache": "",
                "ssl": "",
                "true_client_ip_header": "",
                "waf": ""
              }
            ],
            "id": "5e1d38f2839f0bc5c42580843512f958",
            "priority": 1,
            "status": "active",
            "target": "auditoria.fascinantedigital.com/*",
            "zone_id": "6d7328e7f3edb975ef1f52cdb29178b7"
          },
          "sensitive_attributes": [],
          "private": "bnVsbA=="
        }
      ]
    }
  ],
  "check_results": null
}
